// !$*UTF8*$!
{
	archiveVersion = 1;
	classes = {
	};
	objectVersion = 46;
	objects = {

/* Begin PBXBuildFile section */
		812D1F70EFC4550C29465B31 /* libPods-MiraleApp.a in Frameworks */ = {isa = PBXBuildFile; fileRef = B59B359164645A1C2F33AE51 /* libPods-MiraleApp.a */; };
		9CEB26151D95C54900133CDC /* MASignInViewController.m in Sources */ = {isa = PBXBuildFile; fileRef = 9CEB26121D95C54900133CDC /* MASignInViewController.m */; };
		9CEB26161D95C54900133CDC /* MASingInConfirmationViewController.m in Sources */ = {isa = PBXBuildFile; fileRef = 9CEB26141D95C54900133CDC /* MASingInConfirmationViewController.m */; };
		9CEB26191D95C56000133CDC /* AppDelegate.m in Sources */ = {isa = PBXBuildFile; fileRef = 9CEB26181D95C56000133CDC /* AppDelegate.m */; };
		9CEB261B1D95C56B00133CDC /* main.m in Sources */ = {isa = PBXBuildFile; fileRef = 9CEB261A1D95C56B00133CDC /* main.m */; };
		9CEB261D1D95C5A100133CDC /* Assets.xcassets in Resources */ = {isa = PBXBuildFile; fileRef = 9CEB261C1D95C5A100133CDC /* Assets.xcassets */; };
		9CEB26221D95C5D200133CDC /* MASignInViewController.xib in Resources */ = {isa = PBXBuildFile; fileRef = 9CEB26201D95C5D200133CDC /* MASignInViewController.xib */; };
		9CEB26231D95C5D200133CDC /* MASingInConfirmationViewController.xib in Resources */ = {isa = PBXBuildFile; fileRef = 9CEB26211D95C5D200133CDC /* MASingInConfirmationViewController.xib */; };
		9CEB262E1D95C5FC00133CDC /* LaunchScreen.storyboard in Resources */ = {isa = PBXBuildFile; fileRef = 9CEB262A1D95C5FC00133CDC /* LaunchScreen.storyboard */; };
		9CEB262F1D95C5FC00133CDC /* Main.storyboard in Resources */ = {isa = PBXBuildFile; fileRef = 9CEB262C1D95C5FC00133CDC /* Main.storyboard */; };
		9CEB26351D95C8BB00133CDC /* Info.plist in Resources */ = {isa = PBXBuildFile; fileRef = 9CEB26341D95C8BB00133CDC /* Info.plist */; };
/* End PBXBuildFile section */

/* Begin PBXFileReference section */
		0B7219AA2D24AE2952A04C9A /* Pods-MiraleApp.release.xcconfig */ = {isa = PBXFileReference; includeInIndex = 1; lastKnownFileType = text.xcconfig; name = "Pods-MiraleApp.release.xcconfig"; path = "Pods/Target Support Files/Pods-MiraleApp/Pods-MiraleApp.release.xcconfig"; sourceTree = "<group>"; };
		7B74C2886A5299785E35C47D /* Pods-MiraleApp.debug.xcconfig */ = {isa = PBXFileReference; includeInIndex = 1; lastKnownFileType = text.xcconfig; name = "Pods-MiraleApp.debug.xcconfig"; path = "Pods/Target Support Files/Pods-MiraleApp/Pods-MiraleApp.debug.xcconfig"; sourceTree = "<group>"; };
		9CEB25EA1D95B99100133CDC /* MiraleApp.app */ = {isa = PBXFileReference; explicitFileType = wrapper.application; includeInIndex = 0; path = MiraleApp.app; sourceTree = BUILT_PRODUCTS_DIR; };
		9CEB26111D95C54900133CDC /* MASignInViewController.h */ = {isa = PBXFileReference; fileEncoding = 4; lastKnownFileType = sourcecode.c.h; name = MASignInViewController.h; path = Sources/Controllers/MASignInViewController.h; sourceTree = "<group>"; };
		9CEB26121D95C54900133CDC /* MASignInViewController.m */ = {isa = PBXFileReference; fileEncoding = 4; lastKnownFileType = sourcecode.c.objc; name = MASignInViewController.m; path = Sources/Controllers/MASignInViewController.m; sourceTree = "<group>"; };
		9CEB26131D95C54900133CDC /* MASingInConfirmationViewController.h */ = {isa = PBXFileReference; fileEncoding = 4; lastKnownFileType = sourcecode.c.h; name = MASingInConfirmationViewController.h; path = Sources/Controllers/MASingInConfirmationViewController.h; sourceTree = "<group>"; };
		9CEB26141D95C54900133CDC /* MASingInConfirmationViewController.m */ = {isa = PBXFileReference; fileEncoding = 4; lastKnownFileType = sourcecode.c.objc; name = MASingInConfirmationViewController.m; path = Sources/Controllers/MASingInConfirmationViewController.m; sourceTree = "<group>"; };
		9CEB26171D95C56000133CDC /* AppDelegate.h */ = {isa = PBXFileReference; fileEncoding = 4; lastKnownFileType = sourcecode.c.h; name = AppDelegate.h; path = Sources/Other/AppDelegate.h; sourceTree = "<group>"; };
		9CEB26181D95C56000133CDC /* AppDelegate.m */ = {isa = PBXFileReference; fileEncoding = 4; lastKnownFileType = sourcecode.c.objc; name = AppDelegate.m; path = Sources/Other/AppDelegate.m; sourceTree = "<group>"; };
		9CEB261A1D95C56B00133CDC /* main.m */ = {isa = PBXFileReference; fileEncoding = 4; lastKnownFileType = sourcecode.c.objc; name = main.m; path = Sources/Other/main.m; sourceTree = "<group>"; };
		9CEB261C1D95C5A100133CDC /* Assets.xcassets */ = {isa = PBXFileReference; lastKnownFileType = folder.assetcatalog; name = Assets.xcassets; path = Resources/Assets.xcassets; sourceTree = "<group>"; };
		9CEB26201D95C5D200133CDC /* MASignInViewController.xib */ = {isa = PBXFileReference; fileEncoding = 4; lastKnownFileType = file.xib; name = MASignInViewController.xib; path = Resources/XIBs/MASignInViewController.xib; sourceTree = "<group>"; };
		9CEB26211D95C5D200133CDC /* MASingInConfirmationViewController.xib */ = {isa = PBXFileReference; fileEncoding = 4; lastKnownFileType = file.xib; name = MASingInConfirmationViewController.xib; path = Resources/XIBs/MASingInConfirmationViewController.xib; sourceTree = "<group>"; };
		9CEB262B1D95C5FC00133CDC /* Base */ = {isa = PBXFileReference; lastKnownFileType = file.storyboard; name = Base; path = Resources/Base.lproj/LaunchScreen.storyboard; sourceTree = "<group>"; };
		9CEB262D1D95C5FC00133CDC /* Base */ = {isa = PBXFileReference; lastKnownFileType = file.storyboard; name = Base; path = Resources/Base.lproj/Main.storyboard; sourceTree = "<group>"; };
		9CEB26341D95C8BB00133CDC /* Info.plist */ = {isa = PBXFileReference; fileEncoding = 4; lastKnownFileType = text.plist.xml; name = Info.plist; path = Resources/Info.plist; sourceTree = "<group>"; };
		B59B359164645A1C2F33AE51 /* libPods-MiraleApp.a */ = {isa = PBXFileReference; explicitFileType = archive.ar; includeInIndex = 0; path = "libPods-MiraleApp.a"; sourceTree = BUILT_PRODUCTS_DIR; };
/* End PBXFileReference section */

/* Begin PBXFrameworksBuildPhase section */
		9CEB25E71D95B99100133CDC /* Frameworks */ = {
			isa = PBXFrameworksBuildPhase;
			buildActionMask = 2147483647;
			files = (
				812D1F70EFC4550C29465B31 /* libPods-MiraleApp.a in Frameworks */,
			);
			runOnlyForDeploymentPostprocessing = 0;
		};
/* End PBXFrameworksBuildPhase section */

/* Begin PBXGroup section */
		064767378E5799A6EF54B2C5 /* Pods */ = {
			isa = PBXGroup;
			children = (
				7B74C2886A5299785E35C47D /* Pods-MiraleApp.debug.xcconfig */,
				0B7219AA2D24AE2952A04C9A /* Pods-MiraleApp.release.xcconfig */,
			);
			name = Pods;
			sourceTree = "<group>";
		};
		9CEB25E11D95B99100133CDC = {
			isa = PBXGroup;
			children = (
				9CEB25EC1D95B99100133CDC /* MiraleApp */,
				9CEB25EB1D95B99100133CDC /* Products */,
				064767378E5799A6EF54B2C5 /* Pods */,
				C48F3E58A49C90BA7B3624AF /* Frameworks */,
			);
			sourceTree = "<group>";
		};
		9CEB25EB1D95B99100133CDC /* Products */ = {
			isa = PBXGroup;
			children = (
				9CEB25EA1D95B99100133CDC /* MiraleApp.app */,
			);
			name = Products;
			sourceTree = "<group>";
		};
		9CEB25EC1D95B99100133CDC /* MiraleApp */ = {
			isa = PBXGroup;
			children = (
				9CEB26171D95C56000133CDC /* AppDelegate.h */,
				9CEB26181D95C56000133CDC /* AppDelegate.m */,
				9CEB26041D95C22F00133CDC /* Controllers */,
				9CEB26051D95C24800133CDC /* Resources */,
				9CEB25ED1D95B99100133CDC /* Supporting Files */,
			);
			path = MiraleApp;
			sourceTree = "<group>";
		};
		9CEB25ED1D95B99100133CDC /* Supporting Files */ = {
			isa = PBXGroup;
			children = (
				9CEB261A1D95C56B00133CDC /* main.m */,
			);
			name = "Supporting Files";
			sourceTree = "<group>";
		};
		9CEB26041D95C22F00133CDC /* Controllers */ = {
			isa = PBXGroup;
			children = (
				9CEB26111D95C54900133CDC /* MASignInViewController.h */,
				9CEB26121D95C54900133CDC /* MASignInViewController.m */,
				9CEB26131D95C54900133CDC /* MASingInConfirmationViewController.h */,
				9CEB26141D95C54900133CDC /* MASingInConfirmationViewController.m */,
			);
			name = Controllers;
			sourceTree = "<group>";
		};
		9CEB26051D95C24800133CDC /* Resources */ = {
			isa = PBXGroup;
			children = (
				9CEB26341D95C8BB00133CDC /* Info.plist */,
				9CEB262A1D95C5FC00133CDC /* LaunchScreen.storyboard */,
				9CEB262C1D95C5FC00133CDC /* Main.storyboard */,
				9CEB261C1D95C5A100133CDC /* Assets.xcassets */,
				9CEB26061D95C25800133CDC /* XIBs */,
			);
			name = Resources;
			sourceTree = "<group>";
		};
		9CEB26061D95C25800133CDC /* XIBs */ = {
			isa = PBXGroup;
			children = (
				9CEB26201D95C5D200133CDC /* MASignInViewController.xib */,
				9CEB26211D95C5D200133CDC /* MASingInConfirmationViewController.xib */,
			);
			name = XIBs;
			sourceTree = "<group>";
		};
		C48F3E58A49C90BA7B3624AF /* Frameworks */ = {
			isa = PBXGroup;
			children = (
				B59B359164645A1C2F33AE51 /* libPods-MiraleApp.a */,
			);
			name = Frameworks;
			sourceTree = "<group>";
		};
/* End PBXGroup section */

/* Begin PBXNativeTarget section */
		9CEB25E91D95B99100133CDC /* MiraleApp */ = {
			isa = PBXNativeTarget;
			buildConfigurationList = 9CEB26011D95B99100133CDC /* Build configuration list for PBXNativeTarget "MiraleApp" */;
			buildPhases = (
				B82AE493099AB198660785A3 /* 📦 Check Pods Manifest.lock */,
				9CEB25E61D95B99100133CDC /* Sources */,
				9CEB25E71D95B99100133CDC /* Frameworks */,
				9CEB25E81D95B99100133CDC /* Resources */,
				70EE1CE8782994DCBD6957C5 /* 📦 Embed Pods Frameworks */,
				C5E074C476649A6DFE9E948F /* 📦 Copy Pods Resources */,
			);
			buildRules = (
			);
			dependencies = (
			);
			name = MiraleApp;
			productName = MiraleApp;
			productReference = 9CEB25EA1D95B99100133CDC /* MiraleApp.app */;
			productType = "com.apple.product-type.application";
		};
/* End PBXNativeTarget section */

/* Begin PBXProject section */
		9CEB25E21D95B99100133CDC /* Project object */ = {
			isa = PBXProject;
			attributes = {
				LastUpgradeCheck = 0800;
				ORGANIZATIONNAME = YeBa;
				TargetAttributes = {
					9CEB25E91D95B99100133CDC = {
						CreatedOnToolsVersion = 8.0;
						ProvisioningStyle = Automatic;
					};
				};
			};
			buildConfigurationList = 9CEB25E51D95B99100133CDC /* Build configuration list for PBXProject "MiraleApp" */;
			compatibilityVersion = "Xcode 3.2";
			developmentRegion = English;
			hasScannedForEncodings = 0;
			knownRegions = (
				en,
				Base,
			);
			mainGroup = 9CEB25E11D95B99100133CDC;
			productRefGroup = 9CEB25EB1D95B99100133CDC /* Products */;
			projectDirPath = "";
			projectRoot = "";
			targets = (
				9CEB25E91D95B99100133CDC /* MiraleApp */,
			);
		};
/* End PBXProject section */

/* Begin PBXResourcesBuildPhase section */
		9CEB25E81D95B99100133CDC /* Resources */ = {
			isa = PBXResourcesBuildPhase;
			buildActionMask = 2147483647;
			files = (
				9CEB26221D95C5D200133CDC /* MASignInViewController.xib in Resources */,
				9CEB26231D95C5D200133CDC /* MASingInConfirmationViewController.xib in Resources */,
				9CEB26351D95C8BB00133CDC /* Info.plist in Resources */,
				9CEB262F1D95C5FC00133CDC /* Main.storyboard in Resources */,
				9CEB262E1D95C5FC00133CDC /* LaunchScreen.storyboard in Resources */,
				9CEB261D1D95C5A100133CDC /* Assets.xcassets in Resources */,
			);
			runOnlyForDeploymentPostprocessing = 0;
		};
/* End PBXResourcesBuildPhase section */

/* Begin PBXShellScriptBuildPhase section */
		70EE1CE8782994DCBD6957C5 /* 📦 Embed Pods Frameworks */ = {
			isa = PBXShellScriptBuildPhase;
			buildActionMask = 2147483647;
			files = (
			);
			inputPaths = (
			);
			name = "📦 Embed Pods Frameworks";
			outputPaths = (
			);
			runOnlyForDeploymentPostprocessing = 0;
			shellPath = /bin/sh;
			shellScript = "\"${SRCROOT}/Pods/Target Support Files/Pods-MiraleApp/Pods-MiraleApp-frameworks.sh\"\n";
			showEnvVarsInLog = 0;
		};
		B82AE493099AB198660785A3 /* 📦 Check Pods Manifest.lock */ = {
			isa = PBXShellScriptBuildPhase;
			buildActionMask = 2147483647;
			files = (
			);
			inputPaths = (
			);
			name = "📦 Check Pods Manifest.lock";
			outputPaths = (
			);
			runOnlyForDeploymentPostprocessing = 0;
			shellPath = /bin/sh;
			shellScript = "diff \"${PODS_ROOT}/../Podfile.lock\" \"${PODS_ROOT}/Manifest.lock\" > /dev/null\nif [[ $? != 0 ]] ; then\n    cat << EOM\nerror: The sandbox is not in sync with the Podfile.lock. Run 'pod install' or update your CocoaPods installation.\nEOM\n    exit 1\nfi\n";
			showEnvVarsInLog = 0;
		};
		C5E074C476649A6DFE9E948F /* 📦 Copy Pods Resources */ = {
			isa = PBXShellScriptBuildPhase;
			buildActionMask = 2147483647;
			files = (
			);
			inputPaths = (
			);
			name = "📦 Copy Pods Resources";
			outputPaths = (
			);
			runOnlyForDeploymentPostprocessing = 0;
			shellPath = /bin/sh;
			shellScript = "\"${SRCROOT}/Pods/Target Support Files/Pods-MiraleApp/Pods-MiraleApp-resources.sh\"\n";
			showEnvVarsInLog = 0;
		};
/* End PBXShellScriptBuildPhase section */

/* Begin PBXSourcesBuildPhase section */
		9CEB25E61D95B99100133CDC /* Sources */ = {
			isa = PBXSourcesBuildPhase;
			buildActionMask = 2147483647;
			files = (
				9CEB26151D95C54900133CDC /* MASignInViewController.m in Sources */,
				9CEB26161D95C54900133CDC /* MASingInConfirmationViewController.m in Sources */,
				9CEB261B1D95C56B00133CDC /* main.m in Sources */,
				9CEB26191D95C56000133CDC /* AppDelegate.m in Sources */,
			);
			runOnlyForDeploymentPostprocessing = 0;
		};
/* End PBXSourcesBuildPhase section */

/* Begin PBXVariantGroup section */
		9CEB262A1D95C5FC00133CDC /* LaunchScreen.storyboard */ = {
			isa = PBXVariantGroup;
			children = (
				9CEB262B1D95C5FC00133CDC /* Base */,
			);
			name = LaunchScreen.storyboard;
			sourceTree = "<group>";
		};
		9CEB262C1D95C5FC00133CDC /* Main.storyboard */ = {
			isa = PBXVariantGroup;
			children = (
				9CEB262D1D95C5FC00133CDC /* Base */,
			);
			name = Main.storyboard;
			sourceTree = "<group>";
		};
/* End PBXVariantGroup section */

/* Begin XCBuildConfiguration section */
		9CEB25FF1D95B99100133CDC /* Debug */ = {
			isa = XCBuildConfiguration;
			buildSettings = {
				ALWAYS_SEARCH_USER_PATHS = NO;
				CLANG_ANALYZER_NONNULL = YES;
				CLANG_CXX_LANGUAGE_STANDARD = "gnu++0x";
				CLANG_CXX_LIBRARY = "libc++";
				CLANG_ENABLE_MODULES = YES;
				CLANG_ENABLE_OBJC_ARC = YES;
				CLANG_WARN_BOOL_CONVERSION = YES;
				CLANG_WARN_CONSTANT_CONVERSION = YES;
				CLANG_WARN_DIRECT_OBJC_ISA_USAGE = YES_ERROR;
				CLANG_WARN_DOCUMENTATION_COMMENTS = YES;
				CLANG_WARN_EMPTY_BODY = YES;
				CLANG_WARN_ENUM_CONVERSION = YES;
				CLANG_WARN_INFINITE_RECURSION = YES;
				CLANG_WARN_INT_CONVERSION = YES;
				CLANG_WARN_OBJC_ROOT_CLASS = YES_ERROR;
				CLANG_WARN_SUSPICIOUS_MOVES = YES;
				CLANG_WARN_UNREACHABLE_CODE = YES;
				CLANG_WARN__DUPLICATE_METHOD_MATCH = YES;
				"CODE_SIGN_IDENTITY[sdk=iphoneos*]" = "iPhone Developer";
				COPY_PHASE_STRIP = NO;
				DEBUG_INFORMATION_FORMAT = dwarf;
				ENABLE_STRICT_OBJC_MSGSEND = YES;
				ENABLE_TESTABILITY = YES;
				GCC_C_LANGUAGE_STANDARD = gnu99;
				GCC_DYNAMIC_NO_PIC = NO;
				GCC_NO_COMMON_BLOCKS = YES;
				GCC_OPTIMIZATION_LEVEL = 0;
				GCC_PREPROCESSOR_DEFINITIONS = (
					"DEBUG=1",
					"$(inherited)",
				);
				GCC_WARN_64_TO_32_BIT_CONVERSION = YES;
				GCC_WARN_ABOUT_RETURN_TYPE = YES_ERROR;
				GCC_WARN_UNDECLARED_SELECTOR = YES;
				GCC_WARN_UNINITIALIZED_AUTOS = YES_AGGRESSIVE;
				GCC_WARN_UNUSED_FUNCTION = YES;
				GCC_WARN_UNUSED_VARIABLE = YES;
				IPHONEOS_DEPLOYMENT_TARGET = 10.0;
				MTL_ENABLE_DEBUG_INFO = YES;
				ONLY_ACTIVE_ARCH = YES;
				SDKROOT = iphoneos;
			};
			name = Debug;
		};
		9CEB26001D95B99100133CDC /* Release */ = {
			isa = XCBuildConfiguration;
			buildSettings = {
				ALWAYS_SEARCH_USER_PATHS = NO;
				CLANG_ANALYZER_NONNULL = YES;
				CLANG_CXX_LANGUAGE_STANDARD = "gnu++0x";
				CLANG_CXX_LIBRARY = "libc++";
				CLANG_ENABLE_MODULES = YES;
				CLANG_ENABLE_OBJC_ARC = YES;
				CLANG_WARN_BOOL_CONVERSION = YES;
				CLANG_WARN_CONSTANT_CONVERSION = YES;
				CLANG_WARN_DIRECT_OBJC_ISA_USAGE = YES_ERROR;
				CLANG_WARN_DOCUMENTATION_COMMENTS = YES;
				CLANG_WARN_EMPTY_BODY = YES;
				CLANG_WARN_ENUM_CONVERSION = YES;
				CLANG_WARN_INFINITE_RECURSION = YES;
				CLANG_WARN_INT_CONVERSION = YES;
				CLANG_WARN_OBJC_ROOT_CLASS = YES_ERROR;
				CLANG_WARN_SUSPICIOUS_MOVES = YES;
				CLANG_WARN_UNREACHABLE_CODE = YES;
				CLANG_WARN__DUPLICATE_METHOD_MATCH = YES;
				"CODE_SIGN_IDENTITY[sdk=iphoneos*]" = "iPhone Developer";
				COPY_PHASE_STRIP = NO;
				DEBUG_INFORMATION_FORMAT = "dwarf-with-dsym";
				ENABLE_NS_ASSERTIONS = NO;
				ENABLE_STRICT_OBJC_MSGSEND = YES;
				GCC_C_LANGUAGE_STANDARD = gnu99;
				GCC_NO_COMMON_BLOCKS = YES;
				GCC_WARN_64_TO_32_BIT_CONVERSION = YES;
				GCC_WARN_ABOUT_RETURN_TYPE = YES_ERROR;
				GCC_WARN_UNDECLARED_SELECTOR = YES;
				GCC_WARN_UNINITIALIZED_AUTOS = YES_AGGRESSIVE;
				GCC_WARN_UNUSED_FUNCTION = YES;
				GCC_WARN_UNUSED_VARIABLE = YES;
				IPHONEOS_DEPLOYMENT_TARGET = 10.0;
				MTL_ENABLE_DEBUG_INFO = NO;
				SDKROOT = iphoneos;
				VALIDATE_PRODUCT = YES;
			};
			name = Release;
		};
		9CEB26021D95B99100133CDC /* Debug */ = {
			isa = XCBuildConfiguration;
			baseConfigurationReference = 7B74C2886A5299785E35C47D /* Pods-MiraleApp.debug.xcconfig */;
			buildSettings = {
				ASSETCATALOG_COMPILER_APPICON_NAME = AppIcon;
				INFOPLIST_FILE = "$(PROJECT_DIR)/MiraleApp/Resources/Info.plist";
				IPHONEOS_DEPLOYMENT_TARGET = 9.0;
				LD_RUNPATH_SEARCH_PATHS = "$(inherited) @executable_path/Frameworks";
				PRODUCT_BUNDLE_IDENTIFIER = "com.m-2-h.MiraleApp";
				PRODUCT_NAME = "$(TARGET_NAME)";
			};
			name = Debug;
		};
		9CEB26031D95B99100133CDC /* Release */ = {
			isa = XCBuildConfiguration;
			baseConfigurationReference = 0B7219AA2D24AE2952A04C9A /* Pods-MiraleApp.release.xcconfig */;
			buildSettings = {
				ASSETCATALOG_COMPILER_APPICON_NAME = AppIcon;
				INFOPLIST_FILE = "$(PROJECT_DIR)/MiraleApp/Resources/Info.plist";
				IPHONEOS_DEPLOYMENT_TARGET = 9.0;
				LD_RUNPATH_SEARCH_PATHS = "$(inherited) @executable_path/Frameworks";
				PRODUCT_BUNDLE_IDENTIFIER = "com.m-2-h.MiraleApp";
				PRODUCT_NAME = "$(TARGET_NAME)";
			};
			name = Release;
		};
/* End XCBuildConfiguration section */

/* Begin XCConfigurationList section */
		9CEB25E51D95B99100133CDC /* Build configuration list for PBXProject "MiraleApp" */ = {
			isa = XCConfigurationList;
			buildConfigurations = (
				9CEB25FF1D95B99100133CDC /* Debug */,
				9CEB26001D95B99100133CDC /* Release */,
			);
			defaultConfigurationIsVisible = 0;
			defaultConfigurationName = Release;
		};
		9CEB26011D95B99100133CDC /* Build configuration list for PBXNativeTarget "MiraleApp" */ = {
			isa = XCConfigurationList;
			buildConfigurations = (
				9CEB26021D95B99100133CDC /* Debug */,
				9CEB26031D95B99100133CDC /* Release */,
			);
			defaultConfigurationIsVisible = 0;
			defaultConfigurationName = Release;
		};
/* End XCConfigurationList section */
	};
	rootObject = 9CEB25E21D95B99100133CDC /* Project object */;
}
